{
  "version": 4,
  "terraform_version": "1.1.2",
  "serial": 67,
  "lineage": "8079a7cd-370d-4e10-0dfd-4dce4adc3fef",
  "outputs": {},
  "resources": [
    {
      "module": "module.network",
      "mode": "managed",
      "type": "aws_vpc",
      "name": "vpc",
      "provider": "provider[\"registry.terraform.io/hashicorp/aws\"]",
      "instances": [
        {
          "schema_version": 1,
          "attributes": {
            "arn": "arn:aws:ec2:us-east-2:693273928427:vpc/vpc-03f35de7e86ed2c10",
            "assign_generated_ipv6_cidr_block": false,
            "cidr_block": "10.0.0.0/16",
            "default_network_acl_id": "acl-027c1b922d939e17c",
            "default_route_table_id": "rtb-04a2f4ca7ba6874d7",
            "default_security_group_id": "sg-0cd9cf2eaf8585bd8",
            "dhcp_options_id": "dopt-050bf602b4dd14af5",
            "enable_classiclink": false,
            "enable_classiclink_dns_support": false,
            "enable_dns_hostnames": true,
            "enable_dns_support": true,
            "id": "vpc-03f35de7e86ed2c10",
            "instance_tenancy": "default",
            "ipv4_ipam_pool_id": null,
            "ipv4_netmask_length": null,
            "ipv6_association_id": "",
            "ipv6_cidr_block": "",
            "ipv6_cidr_block_network_border_group": "",
            "ipv6_ipam_pool_id": "",
            "ipv6_netmask_length": 0,
            "main_route_table_id": "rtb-04a2f4ca7ba6874d7",
            "owner_id": "693273928427",
            "tags": {
              "Name": "vpc",
              "managed_by": "terraform"
            },
            "tags_all": {
              "Name": "vpc",
              "managed_by": "terraform"
            }
          },
          "sensitive_attributes": [],
          "private": "eyJzY2hlbWFfdmVyc2lvbiI6IjEifQ==",
          "create_before_destroy": true
        }
      ]
    }
  ]
}
